// !$*UTF8*$!
{
	archiveVersion = 1;
	classes = {
	};
	objectVersion = 55;
	objects = {

/* Begin PBXBuildFile section */
		9AA11DFE2D1B098900198759 /* SplashScreenView.swift in Sources */ = {isa = PBXBuildFile; fileRef = 9AA11DFD2D1B098900198759 /* SplashScreenView.swift */; };
		9AA11DFF2D1B098900198759 /* SplashScreenView.swift in Sources */ = {isa = PBXBuildFile; fileRef = 9AA11DFD2D1B098900198759 /* SplashScreenView.swift */; };
		9AAD58802D1AFB2D000B2C8F /* Tests_iOS.swift in Sources */ = {isa = PBXBuildFile; fileRef = 9AAD587F2D1AFB2D000B2C8F /* Tests_iOS.swift */; };
		9AAD58822D1AFB2D000B2C8F /* Tests_iOSLaunchTests.swift in Sources */ = {isa = PBXBuildFile; fileRef = 9AAD58812D1AFB2D000B2C8F /* Tests_iOSLaunchTests.swift */; };
		9AAD588C2D1AFB2E000B2C8F /* Tests_macOS.swift in Sources */ = {isa = PBXBuildFile; fileRef = 9AAD588B2D1AFB2E000B2C8F /* Tests_macOS.swift */; };
		9AAD588E2D1AFB2E000B2C8F /* Tests_macOSLaunchTests.swift in Sources */ = {isa = PBXBuildFile; fileRef = 9AAD588D2D1AFB2E000B2C8F /* Tests_macOSLaunchTests.swift */; };
		9AAD588F2D1AFB2E000B2C8F /* PracticaM08.xcdatamodeld in Sources */ = {isa = PBXBuildFile; fileRef = 9AAD58642D1AFB18000B2C8F /* PracticaM08.xcdatamodeld */; };
		9AAD58902D1AFB2E000B2C8F /* PracticaM08.xcdatamodeld in Sources */ = {isa = PBXBuildFile; fileRef = 9AAD58642D1AFB18000B2C8F /* PracticaM08.xcdatamodeld */; };
		9AAD58912D1AFB2E000B2C8F /* PracticaM08App.swift in Sources */ = {isa = PBXBuildFile; fileRef = 9AAD58662D1AFB18000B2C8F /* PracticaM08App.swift */; };
		9AAD58922D1AFB2E000B2C8F /* PracticaM08App.swift in Sources */ = {isa = PBXBuildFile; fileRef = 9AAD58662D1AFB18000B2C8F /* PracticaM08App.swift */; };
		9AAD58932D1AFB2E000B2C8F /* ContentView.swift in Sources */ = {isa = PBXBuildFile; fileRef = 9AAD58672D1AFB18000B2C8F /* ContentView.swift */; };
		9AAD58942D1AFB2E000B2C8F /* ContentView.swift in Sources */ = {isa = PBXBuildFile; fileRef = 9AAD58672D1AFB18000B2C8F /* ContentView.swift */; };
		9AAD58952D1AFB2E000B2C8F /* Persistence.swift in Sources */ = {isa = PBXBuildFile; fileRef = 9AAD58682D1AFB18000B2C8F /* Persistence.swift */; };
		9AAD58962D1AFB2E000B2C8F /* Persistence.swift in Sources */ = {isa = PBXBuildFile; fileRef = 9AAD58682D1AFB18000B2C8F /* Persistence.swift */; };
		9AAD58972D1AFB2E000B2C8F /* Assets.xcassets in Resources */ = {isa = PBXBuildFile; fileRef = 9AAD58692D1AFB2B000B2C8F /* Assets.xcassets */; };
		9AAD58982D1AFB2E000B2C8F /* Assets.xcassets in Resources */ = {isa = PBXBuildFile; fileRef = 9AAD58692D1AFB2B000B2C8F /* Assets.xcassets */; };
/* End PBXBuildFile section */

/* Begin PBXContainerItemProxy section */
		9AAD587C2D1AFB2D000B2C8F /* PBXContainerItemProxy */ = {
			isa = PBXContainerItemProxy;
			containerPortal = 9AAD585F2D1AFB15000B2C8F /* Project object */;
			proxyType = 1;
			remoteGlobalIDString = 9AAD586D2D1AFB2C000B2C8F;
			remoteInfo = "PracticaM08 (iOS)";
		};
		9AAD58882D1AFB2E000B2C8F /* PBXContainerItemProxy */ = {
			isa = PBXContainerItemProxy;
			containerPortal = 9AAD585F2D1AFB15000B2C8F /* Project object */;
			proxyType = 1;
			remoteGlobalIDString = 9AAD58732D1AFB2D000B2C8F;
			remoteInfo = "PracticaM08 (macOS)";
		};
/* End PBXContainerItemProxy section */

/* Begin PBXFileReference section */
		9AA11DFD2D1B098900198759 /* SplashScreenView.swift */ = {isa = PBXFileReference; lastKnownFileType = sourcecode.swift; path = SplashScreenView.swift; sourceTree = "<group>"; };
		9AAD58652D1AFB18000B2C8F /* Shared.xcdatamodel */ = {isa = PBXFileReference; lastKnownFileType = wrapper.xcdatamodel; path = Shared.xcdatamodel; sourceTree = "<group>"; };
		9AAD58662D1AFB18000B2C8F /* PracticaM08App.swift */ = {isa = PBXFileReference; lastKnownFileType = sourcecode.swift; path = PracticaM08App.swift; sourceTree = "<group>"; };
		9AAD58672D1AFB18000B2C8F /* ContentView.swift */ = {isa = PBXFileReference; lastKnownFileType = sourcecode.swift; path = ContentView.swift; sourceTree = "<group>"; };
		9AAD58682D1AFB18000B2C8F /* Persistence.swift */ = {isa = PBXFileReference; lastKnownFileType = sourcecode.swift; path = Persistence.swift; sourceTree = "<group>"; };
		9AAD58692D1AFB2B000B2C8F /* Assets.xcassets */ = {isa = PBXFileReference; lastKnownFileType = folder.assetcatalog; path = Assets.xcassets; sourceTree = "<group>"; };
		9AAD586E2D1AFB2C000B2C8F /* PracticaM08.app */ = {isa = PBXFileReference; explicitFileType = wrapper.application; includeInIndex = 0; path = PracticaM08.app; sourceTree = BUILT_PRODUCTS_DIR; };
		9AAD58742D1AFB2D000B2C8F /* PracticaM08.app */ = {isa = PBXFileReference; explicitFileType = wrapper.application; includeInIndex = 0; path = PracticaM08.app; sourceTree = BUILT_PRODUCTS_DIR; };
		9AAD58762D1AFB2D000B2C8F /* macOS.entitlements */ = {isa = PBXFileReference; lastKnownFileType = text.plist.entitlements; path = macOS.entitlements; sourceTree = "<group>"; };
		9AAD587B2D1AFB2D000B2C8F /* Tests iOS.xctest */ = {isa = PBXFileReference; explicitFileType = wrapper.cfbundle; includeInIndex = 0; path = "Tests iOS.xctest"; sourceTree = BUILT_PRODUCTS_DIR; };
		9AAD587F2D1AFB2D000B2C8F /* Tests_iOS.swift */ = {isa = PBXFileReference; lastKnownFileType = sourcecode.swift; path = Tests_iOS.swift; sourceTree = "<group>"; };
		9AAD58812D1AFB2D000B2C8F /* Tests_iOSLaunchTests.swift */ = {isa = PBXFileReference; lastKnownFileType = sourcecode.swift; path = Tests_iOSLaunchTests.swift; sourceTree = "<group>"; };
		9AAD58872D1AFB2E000B2C8F /* Tests macOS.xctest */ = {isa = PBXFileReference; explicitFileType = wrapper.cfbundle; includeInIndex = 0; path = "Tests macOS.xctest"; sourceTree = BUILT_PRODUCTS_DIR; };
		9AAD588B2D1AFB2E000B2C8F /* Tests_macOS.swift */ = {isa = PBXFileReference; lastKnownFileType = sourcecode.swift; path = Tests_macOS.swift; sourceTree = "<group>"; };
		9AAD588D2D1AFB2E000B2C8F /* Tests_macOSLaunchTests.swift */ = {isa = PBXFileReference; lastKnownFileType = sourcecode.swift; path = Tests_macOSLaunchTests.swift; sourceTree = "<group>"; };
/* End PBXFileReference section */

/* Begin PBXFrameworksBuildPhase section */
		9AAD586B2D1AFB2C000B2C8F /* Frameworks */ = {
			isa = PBXFrameworksBuildPhase;
			buildActionMask = 2147483647;
			files = (
			);
			runOnlyForDeploymentPostprocessing = 0;
		};
		9AAD58712D1AFB2D000B2C8F /* Frameworks */ = {
			isa = PBXFrameworksBuildPhase;
			buildActionMask = 2147483647;
			files = (
			);
			runOnlyForDeploymentPostprocessing = 0;
		};
		9AAD58782D1AFB2D000B2C8F /* Frameworks */ = {
			isa = PBXFrameworksBuildPhase;
			buildActionMask = 2147483647;
			files = (
			);
			runOnlyForDeploymentPostprocessing = 0;
		};
		9AAD58842D1AFB2E000B2C8F /* Frameworks */ = {
			isa = PBXFrameworksBuildPhase;
			buildActionMask = 2147483647;
			files = (
			);
			runOnlyForDeploymentPostprocessing = 0;
		};
/* End PBXFrameworksBuildPhase section */

/* Begin PBXGroup section */
		9AAD585E2D1AFB15000B2C8F = {
			isa = PBXGroup;
			children = (
				9AAD58632D1AFB18000B2C8F /* Shared */,
				9AAD58752D1AFB2D000B2C8F /* macOS */,
				9AAD587E2D1AFB2D000B2C8F /* Tests iOS */,
				9AAD588A2D1AFB2E000B2C8F /* Tests macOS */,
				9AAD586F2D1AFB2C000B2C8F /* Products */,
			);
			sourceTree = "<group>";
		};
		9AAD58632D1AFB18000B2C8F /* Shared */ = {
			isa = PBXGroup;
			children = (
				9AAD58662D1AFB18000B2C8F /* PracticaM08App.swift */,
				9AAD58672D1AFB18000B2C8F /* ContentView.swift */,
				9AAD58682D1AFB18000B2C8F /* Persistence.swift */,
				9AAD58692D1AFB2B000B2C8F /* Assets.xcassets */,
				9AAD58642D1AFB18000B2C8F /* PracticaM08.xcdatamodeld */,
				9AA11DFD2D1B098900198759 /* SplashScreenView.swift */,
			);
			path = Shared;
			sourceTree = "<group>";
		};
		9AAD586F2D1AFB2C000B2C8F /* Products */ = {
			isa = PBXGroup;
			children = (
				9AAD586E2D1AFB2C000B2C8F /* PracticaM08.app */,
				9AAD58742D1AFB2D000B2C8F /* PracticaM08.app */,
				9AAD587B2D1AFB2D000B2C8F /* Tests iOS.xctest */,
				9AAD58872D1AFB2E000B2C8F /* Tests macOS.xctest */,
			);
			name = Products;
			sourceTree = "<group>";
		};
		9AAD58752D1AFB2D000B2C8F /* macOS */ = {
			isa = PBXGroup;
			children = (
				9AAD58762D1AFB2D000B2C8F /* macOS.entitlements */,
			);
			path = macOS;
			sourceTree = "<group>";
		};
		9AAD587E2D1AFB2D000B2C8F /* Tests iOS */ = {
			isa = PBXGroup;
			children = (
				9AAD587F2D1AFB2D000B2C8F /* Tests_iOS.swift */,
				9AAD58812D1AFB2D000B2C8F /* Tests_iOSLaunchTests.swift */,
			);
			path = "Tests iOS";
			sourceTree = "<group>";
		};
		9AAD588A2D1AFB2E000B2C8F /* Tests macOS */ = {
			isa = PBXGroup;
			children = (
				9AAD588B2D1AFB2E000B2C8F /* Tests_macOS.swift */,
				9AAD588D2D1AFB2E000B2C8F /* Tests_macOSLaunchTests.swift */,
			);
			path = "Tests macOS";
			sourceTree = "<group>";
		};
/* End PBXGroup section */

/* Begin PBXNativeTarget section */
		9AAD586D2D1AFB2C000B2C8F /* PracticaM08 (iOS) */ = {
			isa = PBXNativeTarget;
			buildConfigurationList = 9AAD589B2D1AFB2E000B2C8F /* Build configuration list for PBXNativeTarget "PracticaM08 (iOS)" */;
			buildPhases = (
				9AAD586A2D1AFB2C000B2C8F /* Sources */,
				9AAD586B2D1AFB2C000B2C8F /* Frameworks */,
				9AAD586C2D1AFB2C000B2C8F /* Resources */,
			);
			buildRules = (
			);
			dependencies = (
			);
			name = "PracticaM08 (iOS)";
			productName = "PracticaM08 (iOS)";
			productReference = 9AAD586E2D1AFB2C000B2C8F /* PracticaM08.app */;
			productType = "com.apple.product-type.application";
		};
		9AAD58732D1AFB2D000B2C8F /* PracticaM08 (macOS) */ = {
			isa = PBXNativeTarget;
			buildConfigurationList = 9AAD589E2D1AFB2E000B2C8F /* Build configuration list for PBXNativeTarget "PracticaM08 (macOS)" */;
			buildPhases = (
				9AAD58702D1AFB2D000B2C8F /* Sources */,
				9AAD58712D1AFB2D000B2C8F /* Frameworks */,
				9AAD58722D1AFB2D000B2C8F /* Resources */,
			);
			buildRules = (
			);
			dependencies = (
			);
			name = "PracticaM08 (macOS)";
			productName = "PracticaM08 (macOS)";
			productReference = 9AAD58742D1AFB2D000B2C8F /* PracticaM08.app */;
			productType = "com.apple.product-type.application";
		};
		9AAD587A2D1AFB2D000B2C8F /* Tests iOS */ = {
			isa = PBXNativeTarget;
			buildConfigurationList = 9AAD58A12D1AFB2E000B2C8F /* Build configuration list for PBXNativeTarget "Tests iOS" */;
			buildPhases = (
				9AAD58772D1AFB2D000B2C8F /* Sources */,
				9AAD58782D1AFB2D000B2C8F /* Frameworks */,
				9AAD58792D1AFB2D000B2C8F /* Resources */,
			);
			buildRules = (
			);
			dependencies = (
				9AAD587D2D1AFB2D000B2C8F /* PBXTargetDependency */,
			);
			name = "Tests iOS";
			productName = "Tests iOS";
			productReference = 9AAD587B2D1AFB2D000B2C8F /* Tests iOS.xctest */;
			productType = "com.apple.product-type.bundle.ui-testing";
		};
		9AAD58862D1AFB2E000B2C8F /* Tests macOS */ = {
			isa = PBXNativeTarget;
			buildConfigurationList = 9AAD58A42D1AFB2E000B2C8F /* Build configuration list for PBXNativeTarget "Tests macOS" */;
			buildPhases = (
				9AAD58832D1AFB2E000B2C8F /* Sources */,
				9AAD58842D1AFB2E000B2C8F /* Frameworks */,
				9AAD58852D1AFB2E000B2C8F /* Resources */,
			);
			buildRules = (
			);
			dependencies = (
				9AAD58892D1AFB2E000B2C8F /* PBXTargetDependency */,
			);
			name = "Tests macOS";
			productName = "Tests macOS";
			productReference = 9AAD58872D1AFB2E000B2C8F /* Tests macOS.xctest */;
			productType = "com.apple.product-type.bundle.ui-testing";
		};
/* End PBXNativeTarget section */

/* Begin PBXProject section */
		9AAD585F2D1AFB15000B2C8F /* Project object */ = {
			isa = PBXProject;
			attributes = {
				BuildIndependentTargetsInParallel = 1;
				LastSwiftUpdateCheck = 1340;
				LastUpgradeCheck = 1340;
				TargetAttributes = {
					9AAD586D2D1AFB2C000B2C8F = {
						CreatedOnToolsVersion = 13.4.1;
					};
					9AAD58732D1AFB2D000B2C8F = {
						CreatedOnToolsVersion = 13.4.1;
					};
					9AAD587A2D1AFB2D000B2C8F = {
						CreatedOnToolsVersion = 13.4.1;
						TestTargetID = 9AAD586D2D1AFB2C000B2C8F;
					};
					9AAD58862D1AFB2E000B2C8F = {
						CreatedOnToolsVersion = 13.4.1;
						TestTargetID = 9AAD58732D1AFB2D000B2C8F;
					};
				};
			};
			buildConfigurationList = 9AAD58622D1AFB15000B2C8F /* Build configuration list for PBXProject "PracticaM08" */;
			compatibilityVersion = "Xcode 13.0";
			developmentRegion = en;
			hasScannedForEncodings = 0;
			knownRegions = (
				en,
				Base,
			);
			mainGroup = 9AAD585E2D1AFB15000B2C8F;
			productRefGroup = 9AAD586F2D1AFB2C000B2C8F /* Products */;
			projectDirPath = "";
			projectRoot = "";
			targets = (
				9AAD586D2D1AFB2C000B2C8F /* PracticaM08 (iOS) */,
				9AAD58732D1AFB2D000B2C8F /* PracticaM08 (macOS) */,
				9AAD587A2D1AFB2D000B2C8F /* Tests iOS */,
				9AAD58862D1AFB2E000B2C8F /* Tests macOS */,
			);
		};
/* End PBXProject section */

/* Begin PBXResourcesBuildPhase section */
		9AAD586C2D1AFB2C000B2C8F /* Resources */ = {
			isa = PBXResourcesBuildPhase;
			buildActionMask = 2147483647;
			files = (
				9AAD58972D1AFB2E000B2C8F /* Assets.xcassets in Resources */,
			);
			runOnlyForDeploymentPostprocessing = 0;
		};
		9AAD58722D1AFB2D000B2C8F /* Resources */ = {
			isa = PBXResourcesBuildPhase;
			buildActionMask = 2147483647;
			files = (
				9AAD58982D1AFB2E000B2C8F /* Assets.xcassets in Resources */,
			);
			runOnlyForDeploymentPostprocessing = 0;
		};
		9AAD58792D1AFB2D000B2C8F /* Resources */ = {
			isa = PBXResourcesBuildPhase;
			buildActionMask = 2147483647;
			files = (
			);
			runOnlyForDeploymentPostprocessing = 0;
		};
		9AAD58852D1AFB2E000B2C8F /* Resources */ = {
			isa = PBXResourcesBuildPhase;
			buildActionMask = 2147483647;
			files = (
			);
			runOnlyForDeploymentPostprocessing = 0;
		};
/* End PBXResourcesBuildPhase section */

/* Begin PBXSourcesBuildPhase section */
		9AAD586A2D1AFB2C000B2C8F /* Sources */ = {
			isa = PBXSourcesBuildPhase;
			buildActionMask = 2147483647;
			files = (
				9AAD58912D1AFB2E000B2C8F /* PracticaM08App.swift in Sources */,
				9AAD58952D1AFB2E000B2C8F /* Persistence.swift in Sources */,
				9AA11DFE2D1B098900198759 /* SplashScreenView.swift in Sources */,
				9AAD588F2D1AFB2E000B2C8F /* PracticaM08.xcdatamodeld in Sources */,
				9AAD58932D1AFB2E000B2C8F /* ContentView.swift in Sources */,
			);
			runOnlyForDeploymentPostprocessing = 0;
		};
		9AAD58702D1AFB2D000B2C8F /* Sources */ = {
			isa = PBXSourcesBuildPhase;
			buildActionMask = 2147483647;
			files = (
				9AAD58922D1AFB2E000B2C8F /* PracticaM08App.swift in Sources */,
				9AAD58962D1AFB2E000B2C8F /* Persistence.swift in Sources */,
				9AA11DFF2D1B098900198759 /* SplashScreenView.swift in Sources */,
				9AAD58902D1AFB2E000B2C8F /* PracticaM08.xcdatamodeld in Sources */,
				9AAD58942D1AFB2E000B2C8F /* ContentView.swift in Sources */,
			);
			runOnlyForDeploymentPostprocessing = 0;
		};
		9AAD58772D1AFB2D000B2C8F /* Sources */ = {
			isa = PBXSourcesBuildPhase;
			buildActionMask = 2147483647;
			files = (
				9AAD58822D1AFB2D000B2C8F /* Tests_iOSLaunchTests.swift in Sources */,
				9AAD58802D1AFB2D000B2C8F /* Tests_iOS.swift in Sources */,
			);
			runOnlyForDeploymentPostprocessing = 0;
		};
		9AAD58832D1AFB2E000B2C8F /* Sources */ = {
			isa = PBXSourcesBuildPhase;
			buildActionMask = 2147483647;
			files = (
				9AAD588E2D1AFB2E000B2C8F /* Tests_macOSLaunchTests.swift in Sources */,
				9AAD588C2D1AFB2E000B2C8F /* Tests_macOS.swift in Sources */,
			);
			runOnlyForDeploymentPostprocessing = 0;
		};
/* End PBXSourcesBuildPhase section */

/* Begin PBXTargetDependency section */
		9AAD587D2D1AFB2D000B2C8F /* PBXTargetDependency */ = {
			isa = PBXTargetDependency;
			target = 9AAD586D2D1AFB2C000B2C8F /* PracticaM08 (iOS) */;
			targetProxy = 9AAD587C2D1AFB2D000B2C8F /* PBXContainerItemProxy */;
		};
		9AAD58892D1AFB2E000B2C8F /* PBXTargetDependency */ = {
			isa = PBXTargetDependency;
			target = 9AAD58732D1AFB2D000B2C8F /* PracticaM08 (macOS) */;
			targetProxy = 9AAD58882D1AFB2E000B2C8F /* PBXContainerItemProxy */;
		};
/* End PBXTargetDependency section */

/* Begin XCBuildConfiguration section */
		9AAD58992D1AFB2E000B2C8F /* Debug */ = {
			isa = XCBuildConfiguration;
			buildSettings = {
				ALWAYS_SEARCH_USER_PATHS = NO;
				CLANG_ANALYZER_NONNULL = YES;
				CLANG_ANALYZER_NUMBER_OBJECT_CONVERSION = YES_AGGRESSIVE;
				CLANG_CXX_LANGUAGE_STANDARD = "gnu++17";
				CLANG_ENABLE_MODULES = YES;
				CLANG_ENABLE_OBJC_ARC = YES;
				CLANG_ENABLE_OBJC_WEAK = YES;
				CLANG_WARN_BLOCK_CAPTURE_AUTORELEASING = YES;
				CLANG_WARN_BOOL_CONVERSION = YES;
				CLANG_WARN_COMMA = YES;
				CLANG_WARN_CONSTANT_CONVERSION = YES;
				CLANG_WARN_DEPRECATED_OBJC_IMPLEMENTATIONS = YES;
				CLANG_WARN_DIRECT_OBJC_ISA_USAGE = YES_ERROR;
				CLANG_WARN_DOCUMENTATION_COMMENTS = YES;
				CLANG_WARN_EMPTY_BODY = YES;
				CLANG_WARN_ENUM_CONVERSION = YES;
				CLANG_WARN_INFINITE_RECURSION = YES;
				CLANG_WARN_INT_CONVERSION = YES;
				CLANG_WARN_NON_LITERAL_NULL_CONVERSION = YES;
				CLANG_WARN_OBJC_IMPLICIT_RETAIN_SELF = YES;
				CLANG_WARN_OBJC_LITERAL_CONVERSION = YES;
				CLANG_WARN_OBJC_ROOT_CLASS = YES_ERROR;
				CLANG_WARN_QUOTED_INCLUDE_IN_FRAMEWORK_HEADER = YES;
				CLANG_WARN_RANGE_LOOP_ANALYSIS = YES;
				CLANG_WARN_STRICT_PROTOTYPES = YES;
				CLANG_WARN_SUSPICIOUS_MOVE = YES;
				CLANG_WARN_UNGUARDED_AVAILABILITY = YES_AGGRESSIVE;
				CLANG_WARN_UNREACHABLE_CODE = YES;
				CLANG_WARN__DUPLICATE_METHOD_MATCH = YES;
				COPY_PHASE_STRIP = NO;
				DEBUG_INFORMATION_FORMAT = dwarf;
				ENABLE_STRICT_OBJC_MSGSEND = YES;
				ENABLE_TESTABILITY = YES;
				GCC_C_LANGUAGE_STANDARD = gnu11;
				GCC_DYNAMIC_NO_PIC = NO;
				GCC_NO_COMMON_BLOCKS = YES;
				GCC_OPTIMIZATION_LEVEL = 0;
				GCC_PREPROCESSOR_DEFINITIONS = (
					"DEBUG=1",
					"$(inherited)",
				);
				GCC_WARN_64_TO_32_BIT_CONVERSION = YES;
				GCC_WARN_ABOUT_RETURN_TYPE = YES_ERROR;
				GCC_WARN_UNDECLARED_SELECTOR = YES;
				GCC_WARN_UNINITIALIZED_AUTOS = YES_AGGRESSIVE;
				GCC_WARN_UNUSED_FUNCTION = YES;
				GCC_WARN_UNUSED_VARIABLE = YES;
				MTL_ENABLE_DEBUG_INFO = INCLUDE_SOURCE;
				MTL_FAST_MATH = YES;
				ONLY_ACTIVE_ARCH = YES;
				SWIFT_ACTIVE_COMPILATION_CONDITIONS = DEBUG;
				SWIFT_OPTIMIZATION_LEVEL = "-Onone";
			};
			name = Debug;
		};
		9AAD589A2D1AFB2E000B2C8F /* Release */ = {
			isa = XCBuildConfiguration;
			buildSettings = {
				ALWAYS_SEARCH_USER_PATHS = NO;
				CLANG_ANALYZER_NONNULL = YES;
				CLANG_ANALYZER_NUMBER_OBJECT_CONVERSION = YES_AGGRESSIVE;
				CLANG_CXX_LANGUAGE_STANDARD = "gnu++17";
				CLANG_ENABLE_MODULES = YES;
				CLANG_ENABLE_OBJC_ARC = YES;
				CLANG_ENABLE_OBJC_WEAK = YES;
				CLANG_WARN_BLOCK_CAPTURE_AUTORELEASING = YES;
				CLANG_WARN_BOOL_CONVERSION = YES;
				CLANG_WARN_COMMA = YES;
				CLANG_WARN_CONSTANT_CONVERSION = YES;
				CLANG_WARN_DEPRECATED_OBJC_IMPLEMENTATIONS = YES;
				CLANG_WARN_DIRECT_OBJC_ISA_USAGE = YES_ERROR;
				CLANG_WARN_DOCUMENTATION_COMMENTS = YES;
				CLANG_WARN_EMPTY_BODY = YES;
				CLANG_WARN_ENUM_CONVERSION = YES;
				CLANG_WARN_INFINITE_RECURSION = YES;
				CLANG_WARN_INT_CONVERSION = YES;
				CLANG_WARN_NON_LITERAL_NULL_CONVERSION = YES;
				CLANG_WARN_OBJC_IMPLICIT_RETAIN_SELF = YES;
				CLANG_WARN_OBJC_LITERAL_CONVERSION = YES;
				CLANG_WARN_OBJC_ROOT_CLASS = YES_ERROR;
				CLANG_WARN_QUOTED_INCLUDE_IN_FRAMEWORK_HEADER = YES;
				CLANG_WARN_RANGE_LOOP_ANALYSIS = YES;
				CLANG_WARN_STRICT_PROTOTYPES = YES;
				CLANG_WARN_SUSPICIOUS_MOVE = YES;
				CLANG_WARN_UNGUARDED_AVAILABILITY = YES_AGGRESSIVE;
				CLANG_WARN_UNREACHABLE_CODE = YES;
				CLANG_WARN__DUPLICATE_METHOD_MATCH = YES;
				COPY_PHASE_STRIP = NO;
				DEBUG_INFORMATION_FORMAT = "dwarf-with-dsym";
				ENABLE_NS_ASSERTIONS = NO;
				ENABLE_STRICT_OBJC_MSGSEND = YES;
				GCC_C_LANGUAGE_STANDARD = gnu11;
				GCC_NO_COMMON_BLOCKS = YES;
				GCC_WARN_64_TO_32_BIT_CONVERSION = YES;
				GCC_WARN_ABOUT_RETURN_TYPE = YES_ERROR;
				GCC_WARN_UNDECLARED_SELECTOR = YES;
				GCC_WARN_UNINITIALIZED_AUTOS = YES_AGGRESSIVE;
				GCC_WARN_UNUSED_FUNCTION = YES;
				GCC_WARN_UNUSED_VARIABLE = YES;
				MTL_ENABLE_DEBUG_INFO = NO;
				MTL_FAST_MATH = YES;
				SWIFT_COMPILATION_MODE = wholemodule;
				SWIFT_OPTIMIZATION_LEVEL = "-O";
			};
			name = Release;
		};
		9AAD589C2D1AFB2E000B2C8F /* Debug */ = {
			isa = XCBuildConfiguration;
			buildSettings = {
				ASSETCATALOG_COMPILER_APPICON_NAME = AppIcon;
				ASSETCATALOG_COMPILER_GLOBAL_ACCENT_COLOR_NAME = AccentColor;
				CODE_SIGN_STYLE = Automatic;
				CURRENT_PROJECT_VERSION = 1;
				ENABLE_PREVIEWS = YES;
				GENERATE_INFOPLIST_FILE = YES;
				INFOPLIST_KEY_UIApplicationSceneManifest_Generation = YES;
				INFOPLIST_KEY_UIApplicationSupportsIndirectInputEvents = YES;
				INFOPLIST_KEY_UILaunchScreen_Generation = YES;
				INFOPLIST_KEY_UISupportedInterfaceOrientations_iPad = "UIInterfaceOrientationPortrait UIInterfaceOrientationPortraitUpsideDown UIInterfaceOrientationLandscapeLeft UIInterfaceOrientationLandscapeRight";
				INFOPLIST_KEY_UISupportedInterfaceOrientations_iPhone = "UIInterfaceOrientationPortrait UIInterfaceOrientationLandscapeLeft UIInterfaceOrientationLandscapeRight";
				IPHONEOS_DEPLOYMENT_TARGET = 15.5;
				LD_RUNPATH_SEARCH_PATHS = (
					"$(inherited)",
					"@executable_path/Frameworks",
				);
				MARKETING_VERSION = 1.0;
				PRODUCT_BUNDLE_IDENTIFIER = ariadnapau.PracticaM08;
				PRODUCT_NAME = PracticaM08;
				SDKROOT = iphoneos;
				SWIFT_EMIT_LOC_STRINGS = YES;
				SWIFT_VERSION = 5.0;
				TARGETED_DEVICE_FAMILY = "1,2";
			};
			name = Debug;
		};
		9AAD589D2D1AFB2E000B2C8F /* Release */ = {
			isa = XCBuildConfiguration;
			buildSettings = {
				ASSETCATALOG_COMPILER_APPICON_NAME = AppIcon;
				ASSETCATALOG_COMPILER_GLOBAL_ACCENT_COLOR_NAME = AccentColor;
				CODE_SIGN_STYLE = Automatic;
				CURRENT_PROJECT_VERSION = 1;
				ENABLE_PREVIEWS = YES;
				GENERATE_INFOPLIST_FILE = YES;
				INFOPLIST_KEY_UIApplicationSceneManifest_Generation = YES;
				INFOPLIST_KEY_UIApplicationSupportsIndirectInputEvents = YES;
				INFOPLIST_KEY_UILaunchScreen_Generation = YES;
				INFOPLIST_KEY_UISupportedInterfaceOrientations_iPad = "UIInterfaceOrientationPortrait UIInterfaceOrientationPortraitUpsideDown UIInterfaceOrientationLandscapeLeft UIInterfaceOrientationLandscapeRight";
				INFOPLIST_KEY_UISupportedInterfaceOrientations_iPhone = "UIInterfaceOrientationPortrait UIInterfaceOrientationLandscapeLeft UIInterfaceOrientationLandscapeRight";
				IPHONEOS_DEPLOYMENT_TARGET = 15.5;
				LD_RUNPATH_SEARCH_PATHS = (
					"$(inherited)",
					"@executable_path/Frameworks",
				);
				MARKETING_VERSION = 1.0;
				PRODUCT_BUNDLE_IDENTIFIER = ariadnapau.PracticaM08;
				PRODUCT_NAME = PracticaM08;
				SDKROOT = iphoneos;
				SWIFT_EMIT_LOC_STRINGS = YES;
				SWIFT_VERSION = 5.0;
				TARGETED_DEVICE_FAMILY = "1,2";
				VALIDATE_PRODUCT = YES;
			};
			name = Release;
		};
		9AAD589F2D1AFB2E000B2C8F /* Debug */ = {
			isa = XCBuildConfiguration;
			buildSettings = {
				ASSETCATALOG_COMPILER_APPICON_NAME = AppIcon;
				ASSETCATALOG_COMPILER_GLOBAL_ACCENT_COLOR_NAME = AccentColor;
				CODE_SIGN_ENTITLEMENTS = macOS/macOS.entitlements;
				CODE_SIGN_STYLE = Automatic;
				COMBINE_HIDPI_IMAGES = YES;
				CURRENT_PROJECT_VERSION = 1;
				ENABLE_PREVIEWS = YES;
				GENERATE_INFOPLIST_FILE = YES;
				INFOPLIST_KEY_NSHumanReadableCopyright = "";
				LD_RUNPATH_SEARCH_PATHS = (
					"$(inherited)",
					"@executable_path/../Frameworks",
				);
				MACOSX_DEPLOYMENT_TARGET = 12.3;
				MARKETING_VERSION = 1.0;
				PRODUCT_BUNDLE_IDENTIFIER = ariadnapau.PracticaM08;
				PRODUCT_NAME = PracticaM08;
				SDKROOT = macosx;
				SWIFT_EMIT_LOC_STRINGS = YES;
				SWIFT_VERSION = 5.0;
			};
			name = Debug;
		};
		9AAD58A02D1AFB2E000B2C8F /* Release */ = {
			isa = XCBuildConfiguration;
			buildSettings = {
				ASSETCATALOG_COMPILER_APPICON_NAME = AppIcon;
				ASSETCATALOG_COMPILER_GLOBAL_ACCENT_COLOR_NAME = AccentColor;
				CODE_SIGN_ENTITLEMENTS = macOS/macOS.entitlements;
				CODE_SIGN_STYLE = Automatic;
				COMBINE_HIDPI_IMAGES = YES;
				CURRENT_PROJECT_VERSION = 1;
				ENABLE_PREVIEWS = YES;
				GENERATE_INFOPLIST_FILE = YES;
				INFOPLIST_KEY_NSHumanReadableCopyright = "";
				LD_RUNPATH_SEARCH_PATHS = (
					"$(inherited)",
					"@executable_path/../Frameworks",
				);
				MACOSX_DEPLOYMENT_TARGET = 12.3;
				MARKETING_VERSION = 1.0;
				PRODUCT_BUNDLE_IDENTIFIER = ariadnapau.PracticaM08;
				PRODUCT_NAME = PracticaM08;
				SDKROOT = macosx;
				SWIFT_EMIT_LOC_STRINGS = YES;
				SWIFT_VERSION = 5.0;
			};
			name = Release;
		};
		9AAD58A22D1AFB2E000B2C8F /* Debug */ = {
			isa = XCBuildConfiguration;
			buildSettings = {
				ALWAYS_EMBED_SWIFT_STANDARD_LIBRARIES = YES;
				CODE_SIGN_STYLE = Automatic;
				CURRENT_PROJECT_VERSION = 1;
				GENERATE_INFOPLIST_FILE = YES;
				IPHONEOS_DEPLOYMENT_TARGET = 15.5;
				MARKETING_VERSION = 1.0;
				PRODUCT_BUNDLE_IDENTIFIER = "ariadnapau.Tests-iOS";
				PRODUCT_NAME = "$(TARGET_NAME)";
				SDKROOT = iphoneos;
				SWIFT_EMIT_LOC_STRINGS = NO;
				SWIFT_VERSION = 5.0;
				TARGETED_DEVICE_FAMILY = "1,2";
				TEST_TARGET_NAME = "PracticaM08 (iOS)";
			};
			name = Debug;
		};
		9AAD58A32D1AFB2E000B2C8F /* Release */ = {
			isa = XCBuildConfiguration;
			buildSettings = {
				ALWAYS_EMBED_SWIFT_STANDARD_LIBRARIES = YES;
				CODE_SIGN_STYLE = Automatic;
				CURRENT_PROJECT_VERSION = 1;
				GENERATE_INFOPLIST_FILE = YES;
				IPHONEOS_DEPLOYMENT_TARGET = 15.5;
				MARKETING_VERSION = 1.0;
				PRODUCT_BUNDLE_IDENTIFIER = "ariadnapau.Tests-iOS";
				PRODUCT_NAME = "$(TARGET_NAME)";
				SDKROOT = iphoneos;
				SWIFT_EMIT_LOC_STRINGS = NO;
				SWIFT_VERSION = 5.0;
				TARGETED_DEVICE_FAMILY = "1,2";
				TEST_TARGET_NAME = "PracticaM08 (iOS)";
				VALIDATE_PRODUCT = YES;
			};
			name = Release;
		};
		9AAD58A52D1AFB2E000B2C8F /* Debug */ = {
			isa = XCBuildConfiguration;
			buildSettings = {
				ALWAYS_EMBED_SWIFT_STANDARD_LIBRARIES = YES;
				CODE_SIGN_STYLE = Automatic;
				CURRENT_PROJECT_VERSION = 1;
				GENERATE_INFOPLIST_FILE = YES;
				MACOSX_DEPLOYMENT_TARGET = 12.3;
				MARKETING_VERSION = 1.0;
				PRODUCT_BUNDLE_IDENTIFIER = "ariadnapau.Tests-macOS";
				PRODUCT_NAME = "$(TARGET_NAME)";
				SDKROOT = macosx;
				SWIFT_EMIT_LOC_STRINGS = NO;
				SWIFT_VERSION = 5.0;
				TEST_TARGET_NAME = "PracticaM08 (macOS)";
			};
			name = Debug;
		};
		9AAD58A62D1AFB2E000B2C8F /* Release */ = {
			isa = XCBuildConfiguration;
			buildSettings = {
				ALWAYS_EMBED_SWIFT_STANDARD_LIBRARIES = YES;
				CODE_SIGN_STYLE = Automatic;
				CURRENT_PROJECT_VERSION = 1;
				GENERATE_INFOPLIST_FILE = YES;
				MACOSX_DEPLOYMENT_TARGET = 12.3;
				MARKETING_VERSION = 1.0;
				PRODUCT_BUNDLE_IDENTIFIER = "ariadnapau.Tests-macOS";
				PRODUCT_NAME = "$(TARGET_NAME)";
				SDKROOT = macosx;
				SWIFT_EMIT_LOC_STRINGS = NO;
				SWIFT_VERSION = 5.0;
				TEST_TARGET_NAME = "PracticaM08 (macOS)";
			};
			name = Release;
		};
/* End XCBuildConfiguration section */

/* Begin XCConfigurationList section */
		9AAD58622D1AFB15000B2C8F /* Build configuration list for PBXProject "PracticaM08" */ = {
			isa = XCConfigurationList;
			buildConfigurations = (
				9AAD58992D1AFB2E000B2C8F /* Debug */,
				9AAD589A2D1AFB2E000B2C8F /* Release */,
			);
			defaultConfigurationIsVisible = 0;
			defaultConfigurationName = Release;
		};
		9AAD589B2D1AFB2E000B2C8F /* Build configuration list for PBXNativeTarget "PracticaM08 (iOS)" */ = {
			isa = XCConfigurationList;
			buildConfigurations = (
				9AAD589C2D1AFB2E000B2C8F /* Debug */,
				9AAD589D2D1AFB2E000B2C8F /* Release */,
			);
			defaultConfigurationIsVisible = 0;
			defaultConfigurationName = Release;
		};
		9AAD589E2D1AFB2E000B2C8F /* Build configuration list for PBXNativeTarget "PracticaM08 (macOS)" */ = {
			isa = XCConfigurationList;
			buildConfigurations = (
				9AAD589F2D1AFB2E000B2C8F /* Debug */,
				9AAD58A02D1AFB2E000B2C8F /* Release */,
			);
			defaultConfigurationIsVisible = 0;
			defaultConfigurationName = Release;
		};
		9AAD58A12D1AFB2E000B2C8F /* Build configuration list for PBXNativeTarget "Tests iOS" */ = {
			isa = XCConfigurationList;
			buildConfigurations = (
				9AAD58A22D1AFB2E000B2C8F /* Debug */,
				9AAD58A32D1AFB2E000B2C8F /* Release */,
			);
			defaultConfigurationIsVisible = 0;
			defaultConfigurationName = Release;
		};
		9AAD58A42D1AFB2E000B2C8F /* Build configuration list for PBXNativeTarget "Tests macOS" */ = {
			isa = XCConfigurationList;
			buildConfigurations = (
				9AAD58A52D1AFB2E000B2C8F /* Debug */,
				9AAD58A62D1AFB2E000B2C8F /* Release */,
			);
			defaultConfigurationIsVisible = 0;
			defaultConfigurationName = Release;
		};
/* End XCConfigurationList section */

/* Begin XCVersionGroup section */
		9AAD58642D1AFB18000B2C8F /* PracticaM08.xcdatamodeld */ = {
			isa = XCVersionGroup;
			children = (
				9AAD58652D1AFB18000B2C8F /* Shared.xcdatamodel */,
			);
			currentVersion = 9AAD58652D1AFB18000B2C8F /* Shared.xcdatamodel */;
			path = PracticaM08.xcdatamodeld;
			sourceTree = "<group>";
			versionGroupType = wrapper.xcdatamodel;
		};
/* End XCVersionGroup section */
	};
	rootObject = 9AAD585F2D1AFB15000B2C8F /* Project object */;
}
